
Microsoft Visual Studio Solution File, Format Version 12.00
# Visual Studio Version 16
VisualStudioVersion = 16.0.29503.13
MinimumVisualStudioVersion = 10.0.40219.1
Project("{FAE04EC0-301F-11D3-BF4B-00C04F79EFBC}") = "WorkShop.Web", "WorkShop.Web\WorkShop.Web.csproj", "{CFF60A40-3098-4A76-AF59-0AE891DE3849}"
EndProject
Project("{FAE04EC0-301F-11D3-BF4B-00C04F79EFBC}") = "WorkShop.Models", "WorkShop.Models\WorkShop.Models.csproj", "{185DD314-AA73-48BF-BD8F-85D29498594F}"
EndProject
Project("{FAE04EC0-301F-11D3-BF4B-00C04F79EFBC}") = "WorkShop.DataAccess", "WorkShop.DataAccess\WorkShop.DataAccess.csproj", "{2A66200B-C678-43D1-B588-9BC0AE9E433F}"
EndProject
Global
	GlobalSection(SolutionConfigurationPlatforms) = preSolution
		Debug|Any CPU = Debug|Any CPU
		Release|Any CPU = Release|Any CPU
	EndGlobalSection
	GlobalSection(ProjectConfigurationPlatforms) = postSolution
		{CFF60A40-3098-4A76-AF59-0AE891DE3849}.Debug|Any CPU.ActiveCfg = Debug|Any CPU
		{CFF60A40-3098-4A76-AF59-0AE891DE3849}.Debug|Any CPU.Build.0 = Debug|Any CPU
		{CFF60A40-3098-4A76-AF59-0AE891DE3849}.Release|Any CPU.ActiveCfg = Release|Any CPU
		{CFF60A40-3098-4A76-AF59-0AE891DE3849}.Release|Any CPU.Build.0 = Release|Any CPU
		{185DD314-AA73-48BF-BD8F-85D29498594F}.Debug|Any CPU.ActiveCfg = Debug|Any CPU
		{185DD314-AA73-48BF-BD8F-85D29498594F}.Debug|Any CPU.Build.0 = Debug|Any CPU
		{185DD314-AA73-48BF-BD8F-85D29498594F}.Release|Any CPU.ActiveCfg = Release|Any CPU
		{185DD314-AA73-48BF-BD8F-85D29498594F}.Release|Any CPU.Build.0 = Release|Any CPU
		{2A66200B-C678-43D1-B588-9BC0AE9E433F}.Debug|Any CPU.ActiveCfg = Debug|Any CPU
		{2A66200B-C678-43D1-B588-9BC0AE9E433F}.Debug|Any CPU.Build.0 = Debug|Any CPU
		{2A66200B-C678-43D1-B588-9BC0AE9E433F}.Release|Any CPU.ActiveCfg = Release|Any CPU
		{2A66200B-C678-43D1-B588-9BC0AE9E433F}.Release|Any CPU.Build.0 = Release|Any CPU
	EndGlobalSection
	GlobalSection(SolutionProperties) = preSolution
		HideSolutionNode = FALSE
	EndGlobalSection
	GlobalSection(ExtensibilityGlobals) = postSolution
		SolutionGuid = {FFBA0C92-8E9C-45C4-8A3F-B16F18068500}
	EndGlobalSection
EndGlobal
